
Microsoft Visual Studio Solution File, Format Version 12.00
# Visual Studio Version 17
VisualStudioVersion = 17.14.36414.22 d17.14
MinimumVisualStudioVersion = 10.0.40219.1
Project("{FAE04EC0-301F-11D3-BF4B-00C04F79EFBC}") = "Nusuk.Backend.API", "Nusuk.Backend.API\Nusuk.Backend.API.csproj", "{3B34C9E3-803E-4B39-AA6F-535130EC15C5}"
EndProject
Project("{FAE04EC0-301F-11D3-BF4B-00C04F79EFBC}") = "Nusuk.Core", "Nusuk.Core\Nusuk.Core.csproj", "{92F74458-689B-CE6C-E876-08BFE8F61295}"
EndProject
Project("{FAE04EC0-301F-11D3-BF4B-00C04F79EFBC}") = "Nusuk.Infrastructure", "Nusuk.Infrastructure\Nusuk.Infrastructure.csproj", "{668E2C96-3A27-F9EC-11E1-A6B33C7F0E8E}"
EndProject
Project("{FAE04EC0-301F-11D3-BF4B-00C04F79EFBC}") = "Nusuk.Service", "Nusuk.Service\Nusuk.Service.csproj", "{9A7F3A8D-9920-43A4-9043-DBDF4F542437}"
EndProject
Global
	GlobalSection(SolutionConfigurationPlatforms) = preSolution
		Debug|Any CPU = Debug|Any CPU
		Release|Any CPU = Release|Any CPU
	EndGlobalSection
	GlobalSection(ProjectConfigurationPlatforms) = postSolution
		{3B34C9E3-803E-4B39-AA6F-535130EC15C5}.Debug|Any CPU.ActiveCfg = Debug|Any CPU
		{3B34C9E3-803E-4B39-AA6F-535130EC15C5}.Debug|Any CPU.Build.0 = Debug|Any CPU
		{3B34C9E3-803E-4B39-AA6F-535130EC15C5}.Release|Any CPU.ActiveCfg = Release|Any CPU
		{3B34C9E3-803E-4B39-AA6F-535130EC15C5}.Release|Any CPU.Build.0 = Release|Any CPU
		{92F74458-689B-CE6C-E876-08BFE8F61295}.Debug|Any CPU.ActiveCfg = Debug|Any CPU
		{92F74458-689B-CE6C-E876-08BFE8F61295}.Debug|Any CPU.Build.0 = Debug|Any CPU
		{92F74458-689B-CE6C-E876-08BFE8F61295}.Release|Any CPU.ActiveCfg = Release|Any CPU
		{92F74458-689B-CE6C-E876-08BFE8F61295}.Release|Any CPU.Build.0 = Release|Any CPU
		{668E2C96-3A27-F9EC-11E1-A6B33C7F0E8E}.Debug|Any CPU.ActiveCfg = Debug|Any CPU
		{668E2C96-3A27-F9EC-11E1-A6B33C7F0E8E}.Debug|Any CPU.Build.0 = Debug|Any CPU
		{668E2C96-3A27-F9EC-11E1-A6B33C7F0E8E}.Release|Any CPU.ActiveCfg = Release|Any CPU
		{668E2C96-3A27-F9EC-11E1-A6B33C7F0E8E}.Release|Any CPU.Build.0 = Release|Any CPU
		{9A7F3A8D-9920-43A4-9043-DBDF4F542437}.Debug|Any CPU.ActiveCfg = Debug|Any CPU
		{9A7F3A8D-9920-43A4-9043-DBDF4F542437}.Debug|Any CPU.Build.0 = Debug|Any CPU
		{9A7F3A8D-9920-43A4-9043-DBDF4F542437}.Release|Any CPU.ActiveCfg = Release|Any CPU
		{9A7F3A8D-9920-43A4-9043-DBDF4F542437}.Release|Any CPU.Build.0 = Release|Any CPU
	EndGlobalSection
	GlobalSection(SolutionProperties) = preSolution
		HideSolutionNode = FALSE
	EndGlobalSection
	GlobalSection(ExtensibilityGlobals) = postSolution
		SolutionGuid = {377023E1-7A10-4680-BC38-EE2F5B223F23}
	EndGlobalSection
EndGlobal
